
Microsoft Visual Studio Solution File, Format Version 12.00
# Visual Studio Version 16
VisualStudioVersion = 16.6.30114.105
MinimumVisualStudioVersion = 10.0.40219.1
Project("{2150E333-8FDC-42A3-9474-1A3956D46DE8}") = "modules", "modules", "{DB7F69DE-0B58-457F-A255-DE6A4E8EC534}"
EndProject
Project("{2150E333-8FDC-42A3-9474-1A3956D46DE8}") = "Klir.TechChallenge.Cart", "Klir.TechChallenge.Cart", "{93A6862D-C47D-4F93-A2C7-8F6C735B761C}"
EndProject
Project("{2150E333-8FDC-42A3-9474-1A3956D46DE8}") = "src", "src", "{0B7F301F-1BDD-4F4C-9C62-DA7AFFEDC26B}"
EndProject
Project("{2150E333-8FDC-42A3-9474-1A3956D46DE8}") = "test", "test", "{511F42B3-D5BC-4660-84F8-79516D15560E}"
EndProject
Project("{9A19103F-16F7-4668-BE54-9A1E7A4F7556}") = "Klir.TechChallenge.Cart.Domain", "aspnet-core\modules\Klir.TechChallenge.Cart\src\Klir.TechChallenge.Cart.Domain\Klir.TechChallenge.Cart.Domain.csproj", "{30488D92-C9DB-40D5-8FF9-29588FACA464}"
EndProject
Project("{9A19103F-16F7-4668-BE54-9A1E7A4F7556}") = "Klir.TechChallenge.Cart.Infrastructure", "aspnet-core\modules\Klir.TechChallenge.Cart\src\Klir.TechChallenge.Cart.Infrastructure\Klir.TechChallenge.Cart.Infrastructure.csproj", "{4BDE076D-1F97-4C18-8A9D-96886DB8AA63}"
EndProject
Project("{9A19103F-16F7-4668-BE54-9A1E7A4F7556}") = "Klir.TechChallenge.Cart.Web.Api", "aspnet-core\modules\Klir.TechChallenge.Cart\src\Klir.TechChallenge.Cart.Web.Api\Klir.TechChallenge.Cart.Web.Api.csproj", "{B48AF1E6-D9FD-41DA-90ED-E37FBD35C2BF}"
EndProject
Project("{9A19103F-16F7-4668-BE54-9A1E7A4F7556}") = "Klir.TechChallenge.Cart.Tests", "aspnet-core\modules\Klir.TechChallenge.Cart\test\Klir.TechChallenge.Cart.Tests\Klir.TechChallenge.Cart.Tests.csproj", "{2FC36682-1E5F-44E4-A481-3C88A0952F87}"
EndProject
Project("{2150E333-8FDC-42A3-9474-1A3956D46DE8}") = "Klir.TechChallenge.Order", "Klir.TechChallenge.Order", "{F3F634FE-0F60-40FE-AA82-9AAC696DF2C6}"
EndProject
Project("{2150E333-8FDC-42A3-9474-1A3956D46DE8}") = "src", "src", "{0CD3EA04-7EBB-4697-B1A1-C8D7A158409E}"
EndProject
Project("{2150E333-8FDC-42A3-9474-1A3956D46DE8}") = "test", "test", "{F0FDFE36-8A20-4CEB-9F55-2C8E87D46E76}"
EndProject
Project("{9A19103F-16F7-4668-BE54-9A1E7A4F7556}") = "Klir.TechChallenge.Order.Domain", "aspnet-core\modules\Klir.TechChallenge.Order\src\Klir.TechChallenge.Order.Domain\Klir.TechChallenge.Order.Domain.csproj", "{09087FE9-3983-47BE-81E3-D16E9F0BD969}"
EndProject
Project("{9A19103F-16F7-4668-BE54-9A1E7A4F7556}") = "Klir.TechChallenge.Order.Infrastructure", "aspnet-core\modules\Klir.TechChallenge.Order\src\Klir.TechChallenge.Order.Infrastructure\Klir.TechChallenge.Order.Infrastructure.csproj", "{1044FBA9-4A90-491D-9388-B5C1ED923815}"
EndProject
Project("{9A19103F-16F7-4668-BE54-9A1E7A4F7556}") = "Klir.TechChallenge.Order.Web.Api", "aspnet-core\modules\Klir.TechChallenge.Order\src\Klir.TechChallenge.Order.Web.Api\Klir.TechChallenge.Order.Web.Api.csproj", "{927D9DA6-B241-47F0-A628-165F0E262A49}"
EndProject
Project("{9A19103F-16F7-4668-BE54-9A1E7A4F7556}") = "Klir.TechChallenge.Order.Tests", "aspnet-core\modules\Klir.TechChallenge.Order\test\Klir.TechChallenge.Order.Tests\Klir.TechChallenge.Order.Tests.csproj", "{FA9ACEBF-B1D1-4939-84DB-B7308B4614DD}"
EndProject
Project("{2150E333-8FDC-42A3-9474-1A3956D46DE8}") = "Klir.TechChallenge.Product", "Klir.TechChallenge.Product", "{DDFC3403-290C-442C-B57E-66E0AEA1A66E}"
EndProject
Project("{2150E333-8FDC-42A3-9474-1A3956D46DE8}") = "src", "src", "{EDFEF20E-0040-4C3D-B5D6-3450E821357D}"
EndProject
Project("{2150E333-8FDC-42A3-9474-1A3956D46DE8}") = "test", "test", "{BB581566-1ACD-419F-837D-CFC430D1C4EE}"
EndProject
Project("{9A19103F-16F7-4668-BE54-9A1E7A4F7556}") = "Klir.TechChallenge.Product.Domain", "aspnet-core\modules\Klir.TechChallenge.Product\src\Klir.TechChallenge.Product.Domain\Klir.TechChallenge.Product.Domain.csproj", "{B2AB2BB5-C0F0-47D5-A958-7EA08EFA965F}"
EndProject
Project("{9A19103F-16F7-4668-BE54-9A1E7A4F7556}") = "Klir.TechChallenge.Product.Infrastructure", "aspnet-core\modules\Klir.TechChallenge.Product\src\Klir.TechChallenge.Product.Infrastructure\Klir.TechChallenge.Product.Infrastructure.csproj", "{4BCE374B-144E-4264-9F48-0439AA4B6EA6}"
EndProject
Project("{9A19103F-16F7-4668-BE54-9A1E7A4F7556}") = "Klir.TechChallenge.Product.Web.Api", "aspnet-core\modules\Klir.TechChallenge.Product\src\Klir.TechChallenge.Product.Web.Api\Klir.TechChallenge.Product.Web.Api.csproj", "{2DFB661B-1AA2-465F-BAC2-C0F5A93988CD}"
EndProject
Project("{2150E333-8FDC-42A3-9474-1A3956D46DE8}") = "Klir.TechChallenge.Web", "Klir.TechChallenge.Web", "{6337263D-4BEC-4C1F-985D-61C649257569}"
EndProject
Project("{2150E333-8FDC-42A3-9474-1A3956D46DE8}") = "src", "src", "{60124F22-DAFF-4505-89F9-7AC40BE03DFD}"
EndProject
Project("{9A19103F-16F7-4668-BE54-9A1E7A4F7556}") = "Klir.TechChallenge.Web.Domain", "aspnet-core\modules\Klir.TechChallenge.Web\src\Klir.TechChallenge.Web.Domain\Klir.TechChallenge.Web.Domain.csproj", "{44753903-E20B-453F-8069-C80D464C055D}"
EndProject
Project("{9A19103F-16F7-4668-BE54-9A1E7A4F7556}") = "Klir.TechChallenge.Web.Infrastructure", "aspnet-core\modules\Klir.TechChallenge.Web\src\Klir.TechChallenge.Web.Infrastructure\Klir.TechChallenge.Web.Infrastructure.csproj", "{5816361E-8C64-46B0-B31A-C6774B62CC07}"
EndProject
Project("{9A19103F-16F7-4668-BE54-9A1E7A4F7556}") = "Klir.TechChallenge.Web.Mvc", "aspnet-core\modules\Klir.TechChallenge.Web\src\Klir.TechChallenge.Web.Mvc\Klir.TechChallenge.Web.Mvc.csproj", "{0008F7D4-AA1B-48AF-9264-A0BF2AF4CEAD}"
EndProject
Project("{2150E333-8FDC-42A3-9474-1A3956D46DE8}") = "Klir.TechChallenge.SharedLib", "Klir.TechChallenge.SharedLib", "{BF9FF59B-51F4-4878-BEAC-3C700A5EA030}"
EndProject
Project("{2150E333-8FDC-42A3-9474-1A3956D46DE8}") = "src", "src", "{109873BC-4EB0-4CBB-9FC8-78A0CDECA27C}"
EndProject
Project("{9A19103F-16F7-4668-BE54-9A1E7A4F7556}") = "Klir.TechChallenge.SharedLib.Shared", "aspnet-core\modules\Klir.TechChallenge.SharedLib\src\Klir.TechChallenge.SharedLib.Shared\Klir.TechChallenge.SharedLib.Shared.csproj", "{ACBCF0D7-9E4A-4FDD-B700-33168C0902F3}"
EndProject
Project("{9A19103F-16F7-4668-BE54-9A1E7A4F7556}") = "Klir.TechChallenge.Product.Tests", "aspnet-core\modules\Klir.TechChallenge.Product\test\Klir.TechChallenge.Product.Tests\Klir.TechChallenge.Product.Tests.csproj", "{9E011454-BC87-4B67-A869-AF8A3584F712}"
EndProject
Global
	GlobalSection(SolutionConfigurationPlatforms) = preSolution
		Debug|Any CPU = Debug|Any CPU
		Release|Any CPU = Release|Any CPU
	EndGlobalSection
	GlobalSection(ProjectConfigurationPlatforms) = postSolution
		{30488D92-C9DB-40D5-8FF9-29588FACA464}.Debug|Any CPU.ActiveCfg = Debug|Any CPU
		{30488D92-C9DB-40D5-8FF9-29588FACA464}.Debug|Any CPU.Build.0 = Debug|Any CPU
		{30488D92-C9DB-40D5-8FF9-29588FACA464}.Release|Any CPU.ActiveCfg = Release|Any CPU
		{30488D92-C9DB-40D5-8FF9-29588FACA464}.Release|Any CPU.Build.0 = Release|Any CPU
		{4BDE076D-1F97-4C18-8A9D-96886DB8AA63}.Debug|Any CPU.ActiveCfg = Debug|Any CPU
		{4BDE076D-1F97-4C18-8A9D-96886DB8AA63}.Debug|Any CPU.Build.0 = Debug|Any CPU
		{4BDE076D-1F97-4C18-8A9D-96886DB8AA63}.Release|Any CPU.ActiveCfg = Release|Any CPU
		{4BDE076D-1F97-4C18-8A9D-96886DB8AA63}.Release|Any CPU.Build.0 = Release|Any CPU
		{B48AF1E6-D9FD-41DA-90ED-E37FBD35C2BF}.Debug|Any CPU.ActiveCfg = Debug|Any CPU
		{B48AF1E6-D9FD-41DA-90ED-E37FBD35C2BF}.Debug|Any CPU.Build.0 = Debug|Any CPU
		{B48AF1E6-D9FD-41DA-90ED-E37FBD35C2BF}.Release|Any CPU.ActiveCfg = Release|Any CPU
		{B48AF1E6-D9FD-41DA-90ED-E37FBD35C2BF}.Release|Any CPU.Build.0 = Release|Any CPU
		{2FC36682-1E5F-44E4-A481-3C88A0952F87}.Debug|Any CPU.ActiveCfg = Debug|Any CPU
		{2FC36682-1E5F-44E4-A481-3C88A0952F87}.Debug|Any CPU.Build.0 = Debug|Any CPU
		{2FC36682-1E5F-44E4-A481-3C88A0952F87}.Release|Any CPU.ActiveCfg = Release|Any CPU
		{2FC36682-1E5F-44E4-A481-3C88A0952F87}.Release|Any CPU.Build.0 = Release|Any CPU
		{09087FE9-3983-47BE-81E3-D16E9F0BD969}.Debug|Any CPU.ActiveCfg = Debug|Any CPU
		{09087FE9-3983-47BE-81E3-D16E9F0BD969}.Debug|Any CPU.Build.0 = Debug|Any CPU
		{09087FE9-3983-47BE-81E3-D16E9F0BD969}.Release|Any CPU.ActiveCfg = Release|Any CPU
		{09087FE9-3983-47BE-81E3-D16E9F0BD969}.Release|Any CPU.Build.0 = Release|Any CPU
		{1044FBA9-4A90-491D-9388-B5C1ED923815}.Debug|Any CPU.ActiveCfg = Debug|Any CPU
		{1044FBA9-4A90-491D-9388-B5C1ED923815}.Debug|Any CPU.Build.0 = Debug|Any CPU
		{1044FBA9-4A90-491D-9388-B5C1ED923815}.Release|Any CPU.ActiveCfg = Release|Any CPU
		{1044FBA9-4A90-491D-9388-B5C1ED923815}.Release|Any CPU.Build.0 = Release|Any CPU
		{927D9DA6-B241-47F0-A628-165F0E262A49}.Debug|Any CPU.ActiveCfg = Debug|Any CPU
		{927D9DA6-B241-47F0-A628-165F0E262A49}.Debug|Any CPU.Build.0 = Debug|Any CPU
		{927D9DA6-B241-47F0-A628-165F0E262A49}.Release|Any CPU.ActiveCfg = Release|Any CPU
		{927D9DA6-B241-47F0-A628-165F0E262A49}.Release|Any CPU.Build.0 = Release|Any CPU
		{FA9ACEBF-B1D1-4939-84DB-B7308B4614DD}.Debug|Any CPU.ActiveCfg = Debug|Any CPU
		{FA9ACEBF-B1D1-4939-84DB-B7308B4614DD}.Debug|Any CPU.Build.0 = Debug|Any CPU
		{FA9ACEBF-B1D1-4939-84DB-B7308B4614DD}.Release|Any CPU.ActiveCfg = Release|Any CPU
		{FA9ACEBF-B1D1-4939-84DB-B7308B4614DD}.Release|Any CPU.Build.0 = Release|Any CPU
		{B2AB2BB5-C0F0-47D5-A958-7EA08EFA965F}.Debug|Any CPU.ActiveCfg = Debug|Any CPU
		{B2AB2BB5-C0F0-47D5-A958-7EA08EFA965F}.Debug|Any CPU.Build.0 = Debug|Any CPU
		{B2AB2BB5-C0F0-47D5-A958-7EA08EFA965F}.Release|Any CPU.ActiveCfg = Release|Any CPU
		{B2AB2BB5-C0F0-47D5-A958-7EA08EFA965F}.Release|Any CPU.Build.0 = Release|Any CPU
		{4BCE374B-144E-4264-9F48-0439AA4B6EA6}.Debug|Any CPU.ActiveCfg = Debug|Any CPU
		{4BCE374B-144E-4264-9F48-0439AA4B6EA6}.Debug|Any CPU.Build.0 = Debug|Any CPU
		{4BCE374B-144E-4264-9F48-0439AA4B6EA6}.Release|Any CPU.ActiveCfg = Release|Any CPU
		{4BCE374B-144E-4264-9F48-0439AA4B6EA6}.Release|Any CPU.Build.0 = Release|Any CPU
		{2DFB661B-1AA2-465F-BAC2-C0F5A93988CD}.Debug|Any CPU.ActiveCfg = Debug|Any CPU
		{2DFB661B-1AA2-465F-BAC2-C0F5A93988CD}.Debug|Any CPU.Build.0 = Debug|Any CPU
		{2DFB661B-1AA2-465F-BAC2-C0F5A93988CD}.Release|Any CPU.ActiveCfg = Release|Any CPU
		{2DFB661B-1AA2-465F-BAC2-C0F5A93988CD}.Release|Any CPU.Build.0 = Release|Any CPU
		{44753903-E20B-453F-8069-C80D464C055D}.Debug|Any CPU.ActiveCfg = Debug|Any CPU
		{44753903-E20B-453F-8069-C80D464C055D}.Debug|Any CPU.Build.0 = Debug|Any CPU
		{44753903-E20B-453F-8069-C80D464C055D}.Release|Any CPU.ActiveCfg = Release|Any CPU
		{44753903-E20B-453F-8069-C80D464C055D}.Release|Any CPU.Build.0 = Release|Any CPU
		{5816361E-8C64-46B0-B31A-C6774B62CC07}.Debug|Any CPU.ActiveCfg = Debug|Any CPU
		{5816361E-8C64-46B0-B31A-C6774B62CC07}.Debug|Any CPU.Build.0 = Debug|Any CPU
		{5816361E-8C64-46B0-B31A-C6774B62CC07}.Release|Any CPU.ActiveCfg = Release|Any CPU
		{5816361E-8C64-46B0-B31A-C6774B62CC07}.Release|Any CPU.Build.0 = Release|Any CPU
		{0008F7D4-AA1B-48AF-9264-A0BF2AF4CEAD}.Debug|Any CPU.ActiveCfg = Debug|Any CPU
		{0008F7D4-AA1B-48AF-9264-A0BF2AF4CEAD}.Debug|Any CPU.Build.0 = Debug|Any CPU
		{0008F7D4-AA1B-48AF-9264-A0BF2AF4CEAD}.Release|Any CPU.ActiveCfg = Release|Any CPU
		{0008F7D4-AA1B-48AF-9264-A0BF2AF4CEAD}.Release|Any CPU.Build.0 = Release|Any CPU
		{ACBCF0D7-9E4A-4FDD-B700-33168C0902F3}.Debug|Any CPU.ActiveCfg = Debug|Any CPU
		{ACBCF0D7-9E4A-4FDD-B700-33168C0902F3}.Debug|Any CPU.Build.0 = Debug|Any CPU
		{ACBCF0D7-9E4A-4FDD-B700-33168C0902F3}.Release|Any CPU.ActiveCfg = Release|Any CPU
		{ACBCF0D7-9E4A-4FDD-B700-33168C0902F3}.Release|Any CPU.Build.0 = Release|Any CPU
		{9E011454-BC87-4B67-A869-AF8A3584F712}.Debug|Any CPU.ActiveCfg = Debug|Any CPU
		{9E011454-BC87-4B67-A869-AF8A3584F712}.Debug|Any CPU.Build.0 = Debug|Any CPU
		{9E011454-BC87-4B67-A869-AF8A3584F712}.Release|Any CPU.ActiveCfg = Release|Any CPU
		{9E011454-BC87-4B67-A869-AF8A3584F712}.Release|Any CPU.Build.0 = Release|Any CPU
	EndGlobalSection
	GlobalSection(SolutionProperties) = preSolution
		HideSolutionNode = FALSE
	EndGlobalSection
	GlobalSection(NestedProjects) = preSolution
		{93A6862D-C47D-4F93-A2C7-8F6C735B761C} = {DB7F69DE-0B58-457F-A255-DE6A4E8EC534}
		{0B7F301F-1BDD-4F4C-9C62-DA7AFFEDC26B} = {93A6862D-C47D-4F93-A2C7-8F6C735B761C}
		{511F42B3-D5BC-4660-84F8-79516D15560E} = {93A6862D-C47D-4F93-A2C7-8F6C735B761C}
		{30488D92-C9DB-40D5-8FF9-29588FACA464} = {0B7F301F-1BDD-4F4C-9C62-DA7AFFEDC26B}
		{4BDE076D-1F97-4C18-8A9D-96886DB8AA63} = {0B7F301F-1BDD-4F4C-9C62-DA7AFFEDC26B}
		{B48AF1E6-D9FD-41DA-90ED-E37FBD35C2BF} = {0B7F301F-1BDD-4F4C-9C62-DA7AFFEDC26B}
		{2FC36682-1E5F-44E4-A481-3C88A0952F87} = {511F42B3-D5BC-4660-84F8-79516D15560E}
		{F3F634FE-0F60-40FE-AA82-9AAC696DF2C6} = {DB7F69DE-0B58-457F-A255-DE6A4E8EC534}
		{0CD3EA04-7EBB-4697-B1A1-C8D7A158409E} = {F3F634FE-0F60-40FE-AA82-9AAC696DF2C6}
		{F0FDFE36-8A20-4CEB-9F55-2C8E87D46E76} = {F3F634FE-0F60-40FE-AA82-9AAC696DF2C6}
		{09087FE9-3983-47BE-81E3-D16E9F0BD969} = {0CD3EA04-7EBB-4697-B1A1-C8D7A158409E}
		{1044FBA9-4A90-491D-9388-B5C1ED923815} = {0CD3EA04-7EBB-4697-B1A1-C8D7A158409E}
		{927D9DA6-B241-47F0-A628-165F0E262A49} = {0CD3EA04-7EBB-4697-B1A1-C8D7A158409E}
		{FA9ACEBF-B1D1-4939-84DB-B7308B4614DD} = {F0FDFE36-8A20-4CEB-9F55-2C8E87D46E76}
		{DDFC3403-290C-442C-B57E-66E0AEA1A66E} = {DB7F69DE-0B58-457F-A255-DE6A4E8EC534}
		{EDFEF20E-0040-4C3D-B5D6-3450E821357D} = {DDFC3403-290C-442C-B57E-66E0AEA1A66E}
		{BB581566-1ACD-419F-837D-CFC430D1C4EE} = {DDFC3403-290C-442C-B57E-66E0AEA1A66E}
		{B2AB2BB5-C0F0-47D5-A958-7EA08EFA965F} = {EDFEF20E-0040-4C3D-B5D6-3450E821357D}
		{4BCE374B-144E-4264-9F48-0439AA4B6EA6} = {EDFEF20E-0040-4C3D-B5D6-3450E821357D}
		{2DFB661B-1AA2-465F-BAC2-C0F5A93988CD} = {EDFEF20E-0040-4C3D-B5D6-3450E821357D}
		{6337263D-4BEC-4C1F-985D-61C649257569} = {DB7F69DE-0B58-457F-A255-DE6A4E8EC534}
		{60124F22-DAFF-4505-89F9-7AC40BE03DFD} = {6337263D-4BEC-4C1F-985D-61C649257569}
		{44753903-E20B-453F-8069-C80D464C055D} = {60124F22-DAFF-4505-89F9-7AC40BE03DFD}
		{5816361E-8C64-46B0-B31A-C6774B62CC07} = {60124F22-DAFF-4505-89F9-7AC40BE03DFD}
		{0008F7D4-AA1B-48AF-9264-A0BF2AF4CEAD} = {60124F22-DAFF-4505-89F9-7AC40BE03DFD}
		{BF9FF59B-51F4-4878-BEAC-3C700A5EA030} = {DB7F69DE-0B58-457F-A255-DE6A4E8EC534}
		{109873BC-4EB0-4CBB-9FC8-78A0CDECA27C} = {BF9FF59B-51F4-4878-BEAC-3C700A5EA030}
		{ACBCF0D7-9E4A-4FDD-B700-33168C0902F3} = {109873BC-4EB0-4CBB-9FC8-78A0CDECA27C}
		{9E011454-BC87-4B67-A869-AF8A3584F712} = {BB581566-1ACD-419F-837D-CFC430D1C4EE}
	EndGlobalSection
	GlobalSection(ExtensibilityGlobals) = postSolution
		SolutionGuid = {0D47B954-A3E6-48B0-ADEE-49F5898C2299}
	EndGlobalSection
EndGlobal
